
Microsoft Visual Studio Solution File, Format Version 12.00
# Visual Studio 15
VisualStudioVersion = 15.0.28307.757
MinimumVisualStudioVersion = 10.0.40219.1
Project("{E24C65DC-7377-472B-9ABA-BC803B73C61A}") = "notepad(1)", ".", "{7D5A893F-CB53-4222-BAF0-BC57F2939B9D}"
	ProjectSection(WebsiteProperties) = preProject
		TargetFrameworkMoniker = ".NETFramework,Version%3Dv4.0"
		Debug.AspNetCompiler.VirtualPath = "/localhost_55857"
		Debug.AspNetCompiler.PhysicalPath = "..\..\..\..\..\repo\notepad-ionic\notepad\"
		Debug.AspNetCompiler.TargetPath = "PrecompiledWeb\localhost_55857\"
		Debug.AspNetCompiler.Updateable = "true"
		Debug.AspNetCompiler.ForceOverwrite = "true"
		Debug.AspNetCompiler.FixedNames = "false"
		Debug.AspNetCompiler.Debug = "True"
		Release.AspNetCompiler.VirtualPath = "/localhost_55857"
		Release.AspNetCompiler.PhysicalPath = "..\..\..\..\..\repo\notepad-ionic\notepad\"
		Release.AspNetCompiler.TargetPath = "PrecompiledWeb\localhost_55857\"
		Release.AspNetCompiler.Updateable = "true"
		Release.AspNetCompiler.ForceOverwrite = "true"
		Release.AspNetCompiler.FixedNames = "false"
		Release.AspNetCompiler.Debug = "False"
		VWDPort = "55857"
	EndProjectSection
EndProject
Global
	GlobalSection(SolutionConfigurationPlatforms) = preSolution
		Debug|Any CPU = Debug|Any CPU
	EndGlobalSection
	GlobalSection(ProjectConfigurationPlatforms) = postSolution
		{7D5A893F-CB53-4222-BAF0-BC57F2939B9D}.Debug|Any CPU.ActiveCfg = Debug|Any CPU
		{7D5A893F-CB53-4222-BAF0-BC57F2939B9D}.Debug|Any CPU.Build.0 = Debug|Any CPU
	EndGlobalSection
	GlobalSection(SolutionProperties) = preSolution
		HideSolutionNode = FALSE
	EndGlobalSection
	GlobalSection(ExtensibilityGlobals) = postSolution
		SolutionGuid = {BFA293C0-9DD2-4961-8C6B-58F44030F6E2}
	EndGlobalSection
EndGlobal
